
Microsoft Visual Studio Solution File, Format Version 12.00
# Visual Studio Version 16
VisualStudioVersion = 16.0.30114.105
MinimumVisualStudioVersion = 10.0.40219.1
Project("{9A19103F-16F7-4668-BE54-9A1E7A4F7556}") = "01.Microsystem", "01.Microsystem\01.Microsystem.csproj", "{A00C200C-3613-45F0-9D32-BA4FD573B1E9}"
EndProject
Project("{9A19103F-16F7-4668-BE54-9A1E7A4F7556}") = "01.Microsystem.Tests", "01.Microsystem.Tests\01.Microsystem.Tests.csproj", "{705976EE-8C82-4525-828E-1D05CA990EAA}"
EndProject
Project("{FAE04EC0-301F-11D3-BF4B-00C04F79EFBC}") = "Sandbox", "Sandbox\Sandbox.csproj", "{313E00E2-B59C-4A44-BD24-7C512832250D}"
EndProject
Project("{FAE04EC0-301F-11D3-BF4B-00C04F79EFBC}") = "02.VaniPlanning", "02.VaniPlanning\02.VaniPlanning.csproj", "{E1B8D387-ABCA-4EA1-89FA-7FA36648C77E}"
EndProject
Project("{FAE04EC0-301F-11D3-BF4B-00C04F79EFBC}") = "02.VaniPlanning.Tests", "02.VaniPlanning.Tests\02.VaniPlanning.Tests.csproj", "{B1C9F24F-1801-4832-A68B-2EBDDE5263C9}"
EndProject
Global
	GlobalSection(SolutionConfigurationPlatforms) = preSolution
		Debug|Any CPU = Debug|Any CPU
		Debug|x64 = Debug|x64
		Debug|x86 = Debug|x86
		Release|Any CPU = Release|Any CPU
		Release|x64 = Release|x64
		Release|x86 = Release|x86
	EndGlobalSection
	GlobalSection(ProjectConfigurationPlatforms) = postSolution
		{A00C200C-3613-45F0-9D32-BA4FD573B1E9}.Debug|Any CPU.ActiveCfg = Debug|Any CPU
		{A00C200C-3613-45F0-9D32-BA4FD573B1E9}.Debug|Any CPU.Build.0 = Debug|Any CPU
		{A00C200C-3613-45F0-9D32-BA4FD573B1E9}.Debug|x64.ActiveCfg = Debug|Any CPU
		{A00C200C-3613-45F0-9D32-BA4FD573B1E9}.Debug|x64.Build.0 = Debug|Any CPU
		{A00C200C-3613-45F0-9D32-BA4FD573B1E9}.Debug|x86.ActiveCfg = Debug|Any CPU
		{A00C200C-3613-45F0-9D32-BA4FD573B1E9}.Debug|x86.Build.0 = Debug|Any CPU
		{A00C200C-3613-45F0-9D32-BA4FD573B1E9}.Release|Any CPU.ActiveCfg = Release|Any CPU
		{A00C200C-3613-45F0-9D32-BA4FD573B1E9}.Release|Any CPU.Build.0 = Release|Any CPU
		{A00C200C-3613-45F0-9D32-BA4FD573B1E9}.Release|x64.ActiveCfg = Release|Any CPU
		{A00C200C-3613-45F0-9D32-BA4FD573B1E9}.Release|x64.Build.0 = Release|Any CPU
		{A00C200C-3613-45F0-9D32-BA4FD573B1E9}.Release|x86.ActiveCfg = Release|Any CPU
		{A00C200C-3613-45F0-9D32-BA4FD573B1E9}.Release|x86.Build.0 = Release|Any CPU
		{705976EE-8C82-4525-828E-1D05CA990EAA}.Debug|Any CPU.ActiveCfg = Debug|Any CPU
		{705976EE-8C82-4525-828E-1D05CA990EAA}.Debug|Any CPU.Build.0 = Debug|Any CPU
		{705976EE-8C82-4525-828E-1D05CA990EAA}.Debug|x64.ActiveCfg = Debug|Any CPU
		{705976EE-8C82-4525-828E-1D05CA990EAA}.Debug|x64.Build.0 = Debug|Any CPU
		{705976EE-8C82-4525-828E-1D05CA990EAA}.Debug|x86.ActiveCfg = Debug|Any CPU
		{705976EE-8C82-4525-828E-1D05CA990EAA}.Debug|x86.Build.0 = Debug|Any CPU
		{705976EE-8C82-4525-828E-1D05CA990EAA}.Release|Any CPU.ActiveCfg = Release|Any CPU
		{705976EE-8C82-4525-828E-1D05CA990EAA}.Release|Any CPU.Build.0 = Release|Any CPU
		{705976EE-8C82-4525-828E-1D05CA990EAA}.Release|x64.ActiveCfg = Release|Any CPU
		{705976EE-8C82-4525-828E-1D05CA990EAA}.Release|x64.Build.0 = Release|Any CPU
		{705976EE-8C82-4525-828E-1D05CA990EAA}.Release|x86.ActiveCfg = Release|Any CPU
		{705976EE-8C82-4525-828E-1D05CA990EAA}.Release|x86.Build.0 = Release|Any CPU
		{313E00E2-B59C-4A44-BD24-7C512832250D}.Debug|Any CPU.ActiveCfg = Debug|Any CPU
		{313E00E2-B59C-4A44-BD24-7C512832250D}.Debug|Any CPU.Build.0 = Debug|Any CPU
		{313E00E2-B59C-4A44-BD24-7C512832250D}.Debug|x64.ActiveCfg = Debug|Any CPU
		{313E00E2-B59C-4A44-BD24-7C512832250D}.Debug|x64.Build.0 = Debug|Any CPU
		{313E00E2-B59C-4A44-BD24-7C512832250D}.Debug|x86.ActiveCfg = Debug|Any CPU
		{313E00E2-B59C-4A44-BD24-7C512832250D}.Debug|x86.Build.0 = Debug|Any CPU
		{313E00E2-B59C-4A44-BD24-7C512832250D}.Release|Any CPU.ActiveCfg = Release|Any CPU
		{313E00E2-B59C-4A44-BD24-7C512832250D}.Release|Any CPU.Build.0 = Release|Any CPU
		{313E00E2-B59C-4A44-BD24-7C512832250D}.Release|x64.ActiveCfg = Release|Any CPU
		{313E00E2-B59C-4A44-BD24-7C512832250D}.Release|x64.Build.0 = Release|Any CPU
		{313E00E2-B59C-4A44-BD24-7C512832250D}.Release|x86.ActiveCfg = Release|Any CPU
		{313E00E2-B59C-4A44-BD24-7C512832250D}.Release|x86.Build.0 = Release|Any CPU
		{E1B8D387-ABCA-4EA1-89FA-7FA36648C77E}.Debug|Any CPU.ActiveCfg = Debug|Any CPU
		{E1B8D387-ABCA-4EA1-89FA-7FA36648C77E}.Debug|Any CPU.Build.0 = Debug|Any CPU
		{E1B8D387-ABCA-4EA1-89FA-7FA36648C77E}.Debug|x64.ActiveCfg = Debug|Any CPU
		{E1B8D387-ABCA-4EA1-89FA-7FA36648C77E}.Debug|x64.Build.0 = Debug|Any CPU
		{E1B8D387-ABCA-4EA1-89FA-7FA36648C77E}.Debug|x86.ActiveCfg = Debug|Any CPU
		{E1B8D387-ABCA-4EA1-89FA-7FA36648C77E}.Debug|x86.Build.0 = Debug|Any CPU
		{E1B8D387-ABCA-4EA1-89FA-7FA36648C77E}.Release|Any CPU.ActiveCfg = Release|Any CPU
		{E1B8D387-ABCA-4EA1-89FA-7FA36648C77E}.Release|Any CPU.Build.0 = Release|Any CPU
		{E1B8D387-ABCA-4EA1-89FA-7FA36648C77E}.Release|x64.ActiveCfg = Release|Any CPU
		{E1B8D387-ABCA-4EA1-89FA-7FA36648C77E}.Release|x64.Build.0 = Release|Any CPU
		{E1B8D387-ABCA-4EA1-89FA-7FA36648C77E}.Release|x86.ActiveCfg = Release|Any CPU
		{E1B8D387-ABCA-4EA1-89FA-7FA36648C77E}.Release|x86.Build.0 = Release|Any CPU
		{B1C9F24F-1801-4832-A68B-2EBDDE5263C9}.Debug|Any CPU.ActiveCfg = Debug|Any CPU
		{B1C9F24F-1801-4832-A68B-2EBDDE5263C9}.Debug|Any CPU.Build.0 = Debug|Any CPU
		{B1C9F24F-1801-4832-A68B-2EBDDE5263C9}.Debug|x64.ActiveCfg = Debug|Any CPU
		{B1C9F24F-1801-4832-A68B-2EBDDE5263C9}.Debug|x64.Build.0 = Debug|Any CPU
		{B1C9F24F-1801-4832-A68B-2EBDDE5263C9}.Debug|x86.ActiveCfg = Debug|Any CPU
		{B1C9F24F-1801-4832-A68B-2EBDDE5263C9}.Debug|x86.Build.0 = Debug|Any CPU
		{B1C9F24F-1801-4832-A68B-2EBDDE5263C9}.Release|Any CPU.ActiveCfg = Release|Any CPU
		{B1C9F24F-1801-4832-A68B-2EBDDE5263C9}.Release|Any CPU.Build.0 = Release|Any CPU
		{B1C9F24F-1801-4832-A68B-2EBDDE5263C9}.Release|x64.ActiveCfg = Release|Any CPU
		{B1C9F24F-1801-4832-A68B-2EBDDE5263C9}.Release|x64.Build.0 = Release|Any CPU
		{B1C9F24F-1801-4832-A68B-2EBDDE5263C9}.Release|x86.ActiveCfg = Release|Any CPU
		{B1C9F24F-1801-4832-A68B-2EBDDE5263C9}.Release|x86.Build.0 = Release|Any CPU
	EndGlobalSection
	GlobalSection(SolutionProperties) = preSolution
		HideSolutionNode = FALSE
	EndGlobalSection
	GlobalSection(ExtensibilityGlobals) = postSolution
		SolutionGuid = {21B01D2D-0F40-43E1-9B33-647526F5E342}
	EndGlobalSection
EndGlobal
